Microsoft Visual Studio Solution File, Format Version 12.00
# Visual Studio Version 17
VisualStudioVersion = 17.5.2.0
MinimumVisualStudioVersion = 10.0.40219.1
Project("{FAE04EC0-301F-11D3-BF4B-00C04F79EFBC}") = "JSMonitorPlugin", "JSMonitorPlugin.csproj", "{C1E2FC56-555E-D797-C443-C22CDB12DF07}"
EndProject
Global
	GlobalSection(SolutionConfigurationPlatforms) = preSolution
		Debug|Any CPU = Debug|Any CPU
		Release|Any CPU = Release|Any CPU
	EndGlobalSection
	GlobalSection(ProjectConfigurationPlatforms) = postSolution
		{C1E2FC56-555E-D797-C443-C22CDB12DF07}.Debug|Any CPU.ActiveCfg = Debug|Any CPU
		{C1E2FC56-555E-D797-C443-C22CDB12DF07}.Debug|Any CPU.Build.0 = Debug|Any CPU
		{C1E2FC56-555E-D797-C443-C22CDB12DF07}.Release|Any CPU.ActiveCfg = Release|Any CPU
		{C1E2FC56-555E-D797-C443-C22CDB12DF07}.Release|Any CPU.Build.0 = Release|Any CPU
	EndGlobalSection
	GlobalSection(SolutionProperties) = preSolution
		HideSolutionNode = FALSE
	EndGlobalSection
	GlobalSection(ExtensibilityGlobals) = postSolution
		SolutionGuid = {C248FF74-78BE-4CA8-B32C-EAD8A2549C79}
	EndGlobalSection
EndGlobal
